
Microsoft Visual Studio Solution File, Format Version 12.00
# Visual Studio Version 16
VisualStudioVersion = 16.0.30114.105
MinimumVisualStudioVersion = 10.0.40219.1
Project("{9A19103F-16F7-4668-BE54-9A1E7A4F7556}") = "Api", "Api\Api.csproj", "{4C76BAE5-48B2-4335-8173-6610C2081DC3}"
EndProject
Project("{9A19103F-16F7-4668-BE54-9A1E7A4F7556}") = "Models", "Models\Models.csproj", "{6E162A73-54CA-4AC7-9464-9E3664880601}"
EndProject
Project("{FAE04EC0-301F-11D3-BF4B-00C04F79EFBC}") = "BL", "BL\BL.csproj", "{203E808B-9285-4CC4-AF42-83D7308827D5}"
EndProject
Global
	GlobalSection(SolutionConfigurationPlatforms) = preSolution
		Debug|Any CPU = Debug|Any CPU
		Release|Any CPU = Release|Any CPU
	EndGlobalSection
	GlobalSection(ProjectConfigurationPlatforms) = postSolution
		{4C76BAE5-48B2-4335-8173-6610C2081DC3}.Debug|Any CPU.ActiveCfg = Debug|Any CPU
		{4C76BAE5-48B2-4335-8173-6610C2081DC3}.Debug|Any CPU.Build.0 = Debug|Any CPU
		{4C76BAE5-48B2-4335-8173-6610C2081DC3}.Release|Any CPU.ActiveCfg = Release|Any CPU
		{4C76BAE5-48B2-4335-8173-6610C2081DC3}.Release|Any CPU.Build.0 = Release|Any CPU
		{6E162A73-54CA-4AC7-9464-9E3664880601}.Debug|Any CPU.ActiveCfg = Debug|Any CPU
		{6E162A73-54CA-4AC7-9464-9E3664880601}.Debug|Any CPU.Build.0 = Debug|Any CPU
		{6E162A73-54CA-4AC7-9464-9E3664880601}.Release|Any CPU.ActiveCfg = Release|Any CPU
		{6E162A73-54CA-4AC7-9464-9E3664880601}.Release|Any CPU.Build.0 = Release|Any CPU
		{203E808B-9285-4CC4-AF42-83D7308827D5}.Debug|Any CPU.ActiveCfg = Debug|Any CPU
		{203E808B-9285-4CC4-AF42-83D7308827D5}.Debug|Any CPU.Build.0 = Debug|Any CPU
		{203E808B-9285-4CC4-AF42-83D7308827D5}.Release|Any CPU.ActiveCfg = Release|Any CPU
		{203E808B-9285-4CC4-AF42-83D7308827D5}.Release|Any CPU.Build.0 = Release|Any CPU
	EndGlobalSection
	GlobalSection(SolutionProperties) = preSolution
		HideSolutionNode = FALSE
	EndGlobalSection
	GlobalSection(ExtensibilityGlobals) = postSolution
		SolutionGuid = {C448B890-80AD-4188-BE84-A122DBAF868E}
	EndGlobalSection
EndGlobal
